
Microsoft Visual Studio Solution File, Format Version 12.00
# Visual Studio Version 16
VisualStudioVersion = 16.0.29613.14
MinimumVisualStudioVersion = 10.0.40219.1
Project("{FAE04EC0-301F-11D3-BF4B-00C04F79EFBC}") = "NGOproject", "NGOproject\NGOproject.csproj", "{E0EE4E70-B102-42A9-95B6-35ED0DD04C86}"
EndProject
Global
	GlobalSection(SolutionConfigurationPlatforms) = preSolution
		Debug|Any CPU = Debug|Any CPU
		Release|Any CPU = Release|Any CPU
	EndGlobalSection
	GlobalSection(ProjectConfigurationPlatforms) = postSolution
		{E0EE4E70-B102-42A9-95B6-35ED0DD04C86}.Debug|Any CPU.ActiveCfg = Debug|Any CPU
		{E0EE4E70-B102-42A9-95B6-35ED0DD04C86}.Debug|Any CPU.Build.0 = Debug|Any CPU
		{E0EE4E70-B102-42A9-95B6-35ED0DD04C86}.Release|Any CPU.ActiveCfg = Release|Any CPU
		{E0EE4E70-B102-42A9-95B6-35ED0DD04C86}.Release|Any CPU.Build.0 = Release|Any CPU
	EndGlobalSection
	GlobalSection(SolutionProperties) = preSolution
		HideSolutionNode = FALSE
	EndGlobalSection
	GlobalSection(ExtensibilityGlobals) = postSolution
		SolutionGuid = {66E75B2F-4BFB-4D5F-9E2E-79C2E9EE0198}
	EndGlobalSection
EndGlobal
